github.com/PuerkitoBio/goquery v1.5.1 h1:PSPBGne8NIUWw+/7vFBV+kG2J/5MOjbzc7154OaKCSE=
github.com/PuerkitoBio/goquery v1.5.1/go.mod h1:GsLWisAFVj4WgDibEWF4pvYnkVQBpKBKeU+7zCJoLcc=
github.com/andybalholm/cascadia v1.1.0 h1:BuuO6sSfQNFRu1LppgbD25Hr2vLYW25JvxHs5zzsLTo=
github.com/andybalholm/cascadia v1.1.0/go.mod h1:GsXiBklL0woXo1j/WYWtSYYC4ouU9PqHO0sqidkEA4Y=
github.com/auth0/go-jwt-middleware v0.0.0-20190805220309-36081240882b h1:CvoEHGmxWl5kONC5icxwqV899dkf4VjOScbxLpllEnw=
github.com/auth0/go-jwt-middleware v0.0.0-20190805220309-36081240882b/go.mod h1:LWMyo4iOLWXHGdBki7NIht1kHru/0wM179h+d3g8ATM=
github.com/chris-sg/bst_server_models v0.0.0-20200228075122-635b259117ff h1:MB0/Tcy8NZjqPuRMSNZqfR97BaRBgreukGgGeGOP9uk=
github.com/chris-sg/bst_server_models v0.0.0-20200228075122-635b259117ff/go.mod h1:QAm0zB8hwap1niFFJWwSf7AJz/0Bh1q5RCDvTXP/p4o=
github.com/chris-sg/bst_server_models v0.0.0-20200304062432-f077381cbb55 h1:fFqLe9dvIogO6ftesPNMyecEK9iu7byIgWSoCt6aNSA=
github.com/chris-sg/bst_server_models v0.0.0-20200304062432-f077381cbb55/go.mod h1:QAm0zB8hwap1niFFJWwSf7AJz/0Bh1q5RCDvTXP/p4o=
github.com/chris-sg/bst_server_models v0.0.0-20200304230126-5089f2f2e031 h1:jAgOHqdKS0JOJYizUzyW4zRuAWN97C4RE3JxruioM1E=
github.com/chris-sg/bst_server_models v0.0.0-20200304230126-5089f2f2e031/go.mod h1:QAm0zB8hwap1niFFJWwSf7AJz/0Bh1q5RCDvTXP/p4o=
github.com/chris-sg/bst_server_models v0.0.0-20200305223228-68d0d2b6bb52 h1:j7MWvUWT6cVaF8clKT4qRY8rFxFNGwgWM8CFZjCv55M=
github.com/chris-sg/bst_server_models v0.0.0-20200305223228-68d0d2b6bb52/go.mod h1:QAm0zB8hwap1niFFJWwSf7AJz/0Bh1q5RCDvTXP/p4o=
github.com/chris-sg/bst_server_models v0.0.0-20200312114823-f6241590b068 h1:mQZ4MDLKLpBZCB6Tu8TV1MzfgQ+ASjjAXZNs+IGt10k=
github.com/chris-sg/bst_server_models v0.0.0-20200312114823-f6241590b068/go.mod h1:QAm0zB8hwap1niFFJWwSf7AJz/0Bh1q5RCDvTXP/p4o=
github.com/chris-sg/eagate v0.0.0-20200304062720-6a527315f2ea h1:+zeN9RdkFoKh4nZs6KSqJPy3F5KOHVyCECkr6HpzlSU=
github.com/chris-sg/eagate v0.0.0-20200304062720-6a527315f2ea/go.mod h1:7iAWBhEbk3OTd3Z2OLxbR0WUG5QEeQdsVpvTwrYK980=
github.com/chris-sg/eagate v0.0.0-20200304230104-d8e41918ea70 h1:iICMJUrqWNGw0d45ZLOVXRehmu45oU+vfKz3IkwbggQ=
github.com/chris-sg/eagate v0.0.0-20200304230104-d8e41918ea70/go.mod h1:7iAWBhEbk3OTd3Z2OLxbR0WUG5QEeQdsVpvTwrYK980=
github.com/chris-sg/eagate v0.0.0-20200305031034-44bc734478d3 h1:AThGGnvMZSzz5iI8e0QMoqoCjHiamISEr8M9flzafRo=
github.com/chris-sg/eagate v0.0.0-20200305031034-44bc734478d3/go.mod h1:7iAWBhEbk3OTd3Z2OLxbR0WUG5QEeQdsVpvTwrYK980=
github.com/chris-sg/eagate v0.0.0-20200305033234-6a6049ac3919 h1:SOrzP+Q19pRUxC+dVrhqxOVJMz9QoIhF6g4o0SKpX58=
github.com/chris-sg/eagate v0.0.0-20200305033234-6a6049ac3919/go.mod h1:7iAWBhEbk3OTd3Z2OLxbR0WUG5QEeQdsVpvTwrYK980=
github.com/chris-sg/eagate v0.0.0-20200305052545-ce80fbdde1de h1:2YTXk8LnbrO5VOXfr7Pbqs7ILJ8nQnFWGpwdrUto+eY=
github.com/chris-sg/eagate v0.0.0-20200305052545-ce80fbdde1de/go.mod h1:7iAWBhEbk3OTd3Z2OLxbR0WUG5QEeQdsVpvTwrYK980=
github.com/chris-sg/eagate v0.0.0-20200305053914-9e7c2322921e h1:3KyfPCPrs2/ap6IhQVafPPnv65Mpj0manYGW1L5xtn0=
github.com/chris-sg/eagate v0.0.0-20200305053914-9e7c2322921e/go.mod h1:7iAWBhEbk3OTd3Z2OLxbR0WUG5QEeQdsVpvTwrYK980=
github.com/chris-sg/eagate v0.0.0-20200305055848-153631be9702 h1:DWcJwnIQ3jJ0n1vTuqnuoDTxq59XsK3jMNOKJVN4jtI=
github.com/chris-sg/eagate v0.0.0-20200305055848-153631be9702/go.mod h1:7iAWBhEbk3OTd3Z2OLxbR0WUG5QEeQdsVpvTwrYK980=
github.com/chris-sg/eagate v0.0.0-20200311014312-b56cf212ac1e h1:fD/regadlkoKkccbcnWtOMNgc26LYXsVSQsc/MokixM=
github.com/chris-sg/eagate v0.0.0-20200311014312-b56cf212ac1e/go.mod h1:b9TxoC2wORZEkesJaUaIwLG33lhDzehfsAyA1lGxk6g=
github.com/chris-sg/eagate v0.0.0-20200312112859-2ea972aa59f4 h1:WHIQEPvGf4LYjOfSnJgG7nxUjo1+QdspJa0izzfHlvw=
github.com/chris-sg/eagate v0.0.0-20200312112859-2ea972aa59f4/go.mod h1:b9TxoC2wORZEkesJaUaIwLG33lhDzehfsAyA1lGxk6g=
github.com/chris-sg/eagate v0.0.0-20200312120216-aa84f29d33b6 h1:gp79E5sCMq2cLghk9eFYQLN6dD3TZ3tJ62IteYtYQ20=
github.com/chris-sg/eagate v0.0.0-20200312120216-aa84f29d33b6/go.mod h1:w2QCPSP2MrLozlSnNCoOgAW4/N3uA3pDTDMhdqiFKIY=
github.com/chris-sg/eagate v0.0.0-20200312120551-8c1812fad33f h1:p0/p5HRpCWYHvJL8TmL18QHwKGDS7hDr9iN7tWEc+8c=
github.com/chris-sg/eagate v0.0.0-20200312120551-8c1812fad33f/go.mod h1:w2QCPSP2MrLozlSnNCoOgAW4/N3uA3pDTDMhdqiFKIY=
github.com/chris-sg/eagate v0.0.0-20200316102937-7520a2f9db2f h1:B3udbEG1yZWdM5+fF9lW+Ia7pFxsSH34nLiy2DKE9tU=
github.com/chris-sg/eagate v0.0.0-20200316102937-7520a2f9db2f/go.mod h1:w2QCPSP2MrLozlSnNCoOgAW4/N3uA3pDTDMhdqiFKIY=
github.com/chris-sg/eagate v0.0.0-20200316104129-7329767d72d0 h1:eQk8WRNTC//8IAZMrsaH5YMSburpZcjt5zcazFg+EKs=
github.com/chris-sg/eagate v0.0.0-20200316104129-7329767d72d0/go.mod h1:w2QCPSP2MrLozlSnNCoOgAW4/N3uA3pDTDMhdqiFKIY=
github.com/chris-sg/eagate v0.0.0-20200316105514-75cc8a62eb63 h1:94+Dha/TttiZr4u4P5CvOzJnHa1kR9Rca77CVYH52yI=
github.com/chris-sg/eagate v0.0.0-20200316105514-75cc8a62eb63/go.mod h1:w2QCPSP2MrLozlSnNCoOgAW4/N3uA3pDTDMhdqiFKIY=
github.com/chris-sg/eagate v0.0.0-20200316112815-e4e8dde9d142 h1:ZFkqF+e/6AP4ccbS7FpURO/hycUptgXGD8uPFXCXi4c=
github.com/chris-sg/eagate v0.0.0-20200316112815-e4e8dde9d142/go.mod h1:w2QCPSP2MrLozlSnNCoOgAW4/N3uA3pDTDMhdqiFKIY=
github.com/chris-sg/eagate v0.0.0-20200316114115-61703c4e1575 h1:6/VAayaPVVIOf7S0/pP/accB+7xw3SwINReM/jtl9PQ=
github.com/chris-sg/eagate v0.0.0-20200316114115-61703c4e1575/go.mod h1:w2QCPSP2MrLozlSnNCoOgAW4/N3uA3pDTDMhdqiFKIY=
github.com/chris-sg/eagate v0.0.0-20200316120428-29d8a64373b8 h1:9Si7C5akK5lp6KERtPuIwatoy//EyD6XZabsd28af/s=
github.com/chris-sg/eagate v0.0.0-20200316120428-29d8a64373b8/go.mod h1:w2QCPSP2MrLozlSnNCoOgAW4/N3uA3pDTDMhdqiFKIY=
github.com/chris-sg/eagate v0.0.0-20200316121324-48fbc8ad42d6 h1:/JqVU5HMr6oZyfx/UTVpNXzjeBPxgH8Gx4CQ87Zzsoc=
github.com/chris-sg/eagate v0.0.0-20200316121324-48fbc8ad42d6/go.mod h1:w2QCPSP2MrLozlSnNCoOgAW4/N3uA3pDTDMhdqiFKIY=
github.com/chris-sg/eagate v0.0.0-20200316122606-42e226552ab3 h1:RofPf65rjvU7/L5qNFc3NC1/EmOMOAnsgGTE1zuos2M=
github.com/chris-sg/eagate v0.0.0-20200316122606-42e226552ab3/go.mod h1:w2QCPSP2MrLozlSnNCoOgAW4/N3uA3pDTDMhdqiFKIY=
github.com/chris-sg/eagate v0.0.0-20200316125042-ae72121c4e5b h1:9XIGnvFgVQ6I2Q1od7/sKNcBM4yLVFliUnKVpIG7CBQ=
github.com/chris-sg/eagate v0.0.0-20200316125042-ae72121c4e5b/go.mod h1:w2QCPSP2MrLozlSnNCoOgAW4/N3uA3pDTDMhdqiFKIY=
github.com/chris-sg/eagate v0.0.0-20200316230254-ec8db11fa7bf h1:TsRjW3qWlWjKUbIXBLI0Tw45Drm9pvH5IcS/V8BNjGs=
github.com/chris-sg/eagate v0.0.0-20200316230254-ec8db11fa7bf/go.mod h1:w2QCPSP2MrLozlSnNCoOgAW4/N3uA3pDTDMhdqiFKIY=
github.com/chris-sg/eagate v0.0.0-20200316232513-d4c26eb868fc h1:W44RFzalkoXPexGDXTRCUM9BWULB/mb/Ow5yOUdMgsA=
github.com/chris-sg/eagate v0.0.0-20200316232513-d4c26eb868fc/go.mod h1:w2QCPSP2MrLozlSnNCoOgAW4/N3uA3pDTDMhdqiFKIY=
github.com/chris-sg/eagate v0.0.0-20200316233506-13c5fe91c225 h1:bc0LpO39dMrhlZhAVl8BQc7LIeNzYAGdI546Z8wQ9jM=
github.com/chris-sg/eagate v0.0.0-20200316233506-13c5fe91c225/go.mod h1:w2QCPSP2MrLozlSnNCoOgAW4/N3uA3pDTDMhdqiFKIY=
github.com/chris-sg/eagate v0.0.0-20200316233944-5fdac1a13571 h1:CR2y4//djqwQ88PLJSIBa3KT5WyMzkC1CGs1o5reXN0=
github.com/chris-sg/eagate v0.0.0-20200316233944-5fdac1a13571/go.mod h1:w2QCPSP2MrLozlSnNCoOgAW4/N3uA3pDTDMhdqiFKIY=
github.com/chris-sg/eagate v0.0.0-20200316234434-805f52592af3 h1:02vagtSuKZHBfeujh6TNB97LQkRnvjBW3BhgOfhGUA0=
github.com/chris-sg/eagate v0.0.0-20200316234434-805f52592af3/go.mod h1:w2QCPSP2MrLozlSnNCoOgAW4/N3uA3pDTDMhdqiFKIY=
github.com/chris-sg/eagate v0.0.0-20200316235002-1a59085b3560 h1:9qlX0vG6rs2rPabgVr7Pna4YWMuclcqH45vNzsVCElo=
github.com/chris-sg/eagate v0.0.0-20200316235002-1a59085b3560/go.mod h1:w2QCPSP2MrLozlSnNCoOgAW4/N3uA3pDTDMhdqiFKIY=
github.com/chris-sg/eagate v0.0.0-20200317000504-3511b6913c5c h1:4NizjMZIhhID3pr7lw1BLuMdXuHRGU0lk+qAkOIe6To=
github.com/chris-sg/eagate v0.0.0-20200317000504-3511b6913c5c/go.mod h1:w2QCPSP2MrLozlSnNCoOgAW4/N3uA3pDTDMhdqiFKIY=
github.com/chris-sg/eagate v0.0.0-20200317001548-7a3a14a0d07f h1:5VoO168uqkf1cTANn4/uWNBpM7HH/wLMtTHTam/g4cc=
github.com/chris-sg/eagate v0.0.0-20200317001548-7a3a14a0d07f/go.mod h1:w2QCPSP2MrLozlSnNCoOgAW4/N3uA3pDTDMhdqiFKIY=
github.com/chris-sg/eagate v0.0.0-20200317003856-7c53667e23c6 h1:3tGZnPBxtGhJZycJhM8S6Af9XvqlHkMHe6KfxXg2Qjw=
github.com/chris-sg/eagate v0.0.0-20200317003856-7c53667e23c6/go.mod h1:w2QCPSP2MrLozlSnNCoOgAW4/N3uA3pDTDMhdqiFKIY=
github.com/chris-sg/eagate v0.0.0-20200317004420-a4f396ebe91e h1:biMdZoC7B4XRv/bkLy3aW9GdMSlCqI8MIdmQ2s9zWR0=
github.com/chris-sg/eagate v0.0.0-20200317004420-a4f396ebe91e/go.mod h1:w2QCPSP2MrLozlSnNCoOgAW4/N3uA3pDTDMhdqiFKIY=
github.com/chris-sg/eagate v0.0.0-20200317034040-1fcd8645e1e5 h1:Mpfy7N6cjmZWVVUKSJ5ik9tVPYf3FCxooHd2bK+lAUY=
github.com/chris-sg/eagate v0.0.0-20200317034040-1fcd8645e1e5/go.mod h1:swIVFAtn64Bhv5jWOoHAZPnfG/kcfHyUA6cUUAyayOY=
github.com/chris-sg/eagate_db v0.0.0-20200304062551-fc6bd3ecfb8f h1:4YLaCGwzfKcKmujkzueAwZibYJrdxpiCnP4jmeab5ys=
github.com/chris-sg/eagate_db v0.0.0-20200304062551-fc6bd3ecfb8f/go.mod h1:vZGKXiMao/GpPg+6KCiA2DjnHh7Bw4XK5ZPkXfM41s4=
github.com/chris-sg/eagate_db v0.0.0-20200304230117-c7850f6e7534 h1:04qTRYt3y5hrjO5x6OQk8HoKpul4SQFzocqCbRwv2zg=
github.com/chris-sg/eagate_db v0.0.0-20200304230117-c7850f6e7534/go.mod h1:vZGKXiMao/GpPg+6KCiA2DjnHh7Bw4XK5ZPkXfM41s4=
github.com/chris-sg/eagate_db v0.0.0-20200305044914-04ac3ca0846c h1:5gvY9qm156HJxZ0vAGKq16m3sIphAEoE9B30oxQ7Zmk=
github.com/chris-sg/eagate_db v0.0.0-20200305044914-04ac3ca0846c/go.mod h1:vZGKXiMao/GpPg+6KCiA2DjnHh7Bw4XK5ZPkXfM41s4=
github.com/chris-sg/eagate_db v0.0.0-20200305051943-03c66b6bb598 h1:nza9h2S0chtSpYHaRLOGvNuEKNMInx+oDdnvtWyeK+s=
github.com/chris-sg/eagate_db v0.0.0-20200305051943-03c66b6bb598/go.mod h1:vZGKXiMao/GpPg+6KCiA2DjnHh7Bw4XK5ZPkXfM41s4=
github.com/chris-sg/eagate_db v0.0.0-20200305054152-9bc8698955be h1:T/h8AVhyQfw8aaOJiRXyqqvzGo5/NIXaC1KKJREsIm4=
github.com/chris-sg/eagate_db v0.0.0-20200305054152-9bc8698955be/go.mod h1:vZGKXiMao/GpPg+6KCiA2DjnHh7Bw4XK5ZPkXfM41s4=
github.com/chris-sg/eagate_db v0.0.0-20200311010159-82ec184d227e h1:KH8Oojr8lOWha0SiFUTVFUi84m9ZPCO0ppmbm0qaQDI=
github.com/chris-sg/eagate_db v0.0.0-20200311010159-82ec184d227e/go.mod h1:DYh0Y0Ut4xBV/ZXo0OgxxHoAGDUCfDAurtRd58UQwtc=
github.com/chris-sg/eagate_db v0.0.0-20200312013519-bd2e05114f9f h1:pDZvXJprLC3WvNcZ1HXBHbyi1dGMZYINZB3K/da7YsU=
github.com/chris-sg/eagate_db v0.0.0-20200312013519-bd2e05114f9f/go.mod h1:EwVSf5fK4mKpb0G55KlXIHIDwqvXE/Xkpb8IVfyXoRY=
github.com/chris-sg/eagate_db v0.0.0-20200316102554-37d04bb23fa1 h1:UPr7XUFj/7cZ4CWqqhRPSJaEG9MDzu6IEGXaznsH5oc=
github.com/chris-sg/eagate_db v0.0.0-20200316102554-37d04bb23fa1/go.mod h1:EwVSf5fK4mKpb0G55KlXIHIDwqvXE/Xkpb8IVfyXoRY=
github.com/chris-sg/eagate_db v0.0.0-20200316110138-aaa1b47306fa h1:Zw7yKt3YFdb98m4vyrzScRhhleHjuTfNGGwe5lN4QwE=
github.com/chris-sg/eagate_db v0.0.0-20200316110138-aaa1b47306fa/go.mod h1:EwVSf5fK4mKpb0G55KlXIHIDwqvXE/Xkpb8IVfyXoRY=
github.com/chris-sg/eagate_db v0.0.0-20200316115222-71b47cfe1b5b h1:GEKcBY10QNTtMw0MPN74JmubMYofHqLYdX0y9scwN20=
github.com/chris-sg/eagate_db v0.0.0-20200316115222-71b47cfe1b5b/go.mod h1:EwVSf5fK4mKpb0G55KlXIHIDwqvXE/Xkpb8IVfyXoRY=
github.com/chris-sg/eagate_db v0.0.0-20200316223614-1a5aaf7b17f5 h1:fnR3STP70/ShFIjH+CXWl4h26vrb543F+VZ3GftaAfY=
github.com/chris-sg/eagate_db v0.0.0-20200316223614-1a5aaf7b17f5/go.mod h1:EwVSf5fK4mKpb0G55KlXIHIDwqvXE/Xkpb8IVfyXoRY=
github.com/chris-sg/eagate_db v0.0.0-20200316224834-0401fca6ea6d h1:08QQobshcIS3ztT9WyO5twLU0rUZ+7a696YgoVwar0o=
github.com/chris-sg/eagate_db v0.0.0-20200316224834-0401fca6ea6d/go.mod h1:EwVSf5fK4mKpb0G55KlXIHIDwqvXE/Xkpb8IVfyXoRY=
github.com/chris-sg/eagate_db v0.0.0-20200317035540-ca573841ac8a h1:18srXbv5PUJ1oeuF7A+GX3wr40SwdtKAJ/ZYmR+ZuNo=
github.com/chris-sg/eagate_db v0.0.0-20200317035540-ca573841ac8a/go.mod h1:EwVSf5fK4mKpb0G55KlXIHIDwqvXE/Xkpb8IVfyXoRY=
github.com/chris-sg/eagate_db v0.0.0-20200317094154-db0970d43644 h1:KoYDhkXcZUGQ81Gcbs+Uml3254+xX4ve3mvP4+XkoXw=
github.com/chris-sg/eagate_db v0.0.0-20200317094154-db0970d43644/go.mod h1:EwVSf5fK4mKpb0G55KlXIHIDwqvXE/Xkpb8IVfyXoRY=
github.com/chris-sg/eagate_models v0.0.0-20200229105948-310a8bb68ec6 h1:W86y97nu/QstwIvFMgEba/mlvMfze70sQPXVK/OC7Ho=
github.com/chris-sg/eagate_models v0.0.0-20200229105948-310a8bb68ec6/go.mod h1:4KbN1UqlmA6tSV7FETgmHHOiWs+WBU3xzf40xbosCjM=
github.com/chris-sg/eagate_models v0.0.0-20200304230137-28cddd82b243 h1:zbV9Isktx8L331Y5WYAAE0cXfHwKnLYaFGzbmUVuwHM=
github.com/chris-sg/eagate_models v0.0.0-20200304230137-28cddd82b243/go.mod h1:4KbN1UqlmA6tSV7FETgmHHOiWs+WBU3xzf40xbosCjM=
github.com/chris-sg/eagate_models v0.0.0-20200311005935-7d24d43473b0 h1:x0ZxtOihxzbTvtRSj34XUrL5ZBzoX2cnXtYDLjlJG3E=
github.com/chris-sg/eagate_models v0.0.0-20200311005935-7d24d43473b0/go.mod h1:4KbN1UqlmA6tSV7FETgmHHOiWs+WBU3xzf40xbosCjM=
github.com/chris-sg/eagate_models v0.0.0-20200311061327-0b25012d3ff9 h1:IVVU+TABTbCydr5rZ400IKKaBduTq9QvTEpcxhMIi+I=
github.com/chris-sg/eagate_models v0.0.0-20200311061327-0b25012d3ff9/go.mod h1:4KbN1UqlmA6tSV7FETgmHHOiWs+WBU3xzf40xbosCjM=
github.com/denisenkom/go-mssqldb v0.0.0-20191124224453-732737034ffd h1:83Wprp6ROGeiHFAP8WJdI2RoxALQYgdllERc3N5N2DM=
github.com/denisenkom/go-mssqldb v0.0.0-20191124224453-732737034ffd/go.mod h1:xbL0rPBG9cCiLr28tMa8zpbdarY27NDyej4t/EjAShU=
github.com/dgrijalva/jwt-go v3.2.0+incompatible h1:7qlOGliEKZXTDg6OTjfoBKDXWrumCAMpl/TFQ4/5kLM=
github.com/dgrijalva/jwt-go v3.2.0+incompatible/go.mod h1:E3ru+11k8xSBh+hMPgOLZmtrrCbhqsmaPHjLKYnJCaQ=
github.com/erikstmartin/go-testdb v0.0.0-20160219214506-8d10e4a1bae5 h1:Yzb9+7DPaBjB8zlTR87/ElzFsnQfuHnVUVqpZZIcV5Y=
github.com/erikstmartin/go-testdb v0.0.0-20160219214506-8d10e4a1bae5/go.mod h1:a2zkGnVExMxdzMo3M0Hi/3sEU+cWnZpSni0O6/Yb/P0=
github.com/go-sql-driver/mysql v1.4.0/go.mod h1:zAC/RDZ24gD3HViQzih4MyKcchzm+sOG5ZlKdlhCg5w=
github.com/go-sql-driver/mysql v1.4.1 h1:g24URVg0OFbNUTx9qqY1IRZ9D9z3iPyi5zKhQZpNwpA=
github.com/go-sql-driver/mysql v1.4.1/go.mod h1:zAC/RDZ24gD3HViQzih4MyKcchzm+sOG5ZlKdlhCg5w=
github.com/golang-sql/civil v0.0.0-20190719163853-cb61b32ac6fe h1:lXe2qZdvpiX5WZkZR4hgp4KJVfY3nMkvmwbVkpv1rVY=
github.com/golang-sql/civil v0.0.0-20190719163853-cb61b32ac6fe/go.mod h1:8vg3r2VgvsThLBIFL93Qb5yWzgyZWhEmBwUJWevAkK0=
github.com/golang/protobuf v1.2.0/go.mod h1:6lQm79b+lXiMfvg/cZm0SGofjICqVBUtrP5yJMmIC1U=
github.com/gopherjs/gopherjs v0.0.0-20181017120253-0766667cb4d1 h1:EGx4pi6eqNxGaHF6qqu48+N2wcFQ5qg5FXgOdqsJ5d8=
github.com/gopherjs/gopherjs v0.0.0-20181017120253-0766667cb4d1/go.mod h1:wJfORRmW1u3UXTncJ5qlYoELFm8eSnnEO6hX4iZ3EWY=
github.com/gorilla/mux v1.7.4 h1:VuZ8uybHlWmqV03+zRzdwKL4tUnIp1MAQtp1mIFE1bc=
github.com/gorilla/mux v1.7.4/go.mod h1:DVbg23sWSpFRCP0SfiEN6jmj59UnW/n46BH5rLB71So=
github.com/jinzhu/gorm v1.9.12 h1:Drgk1clyWT9t9ERbzHza6Mj/8FY/CqMyVzOiHviMo6Q=
github.com/jinzhu/gorm v1.9.12/go.mod h1:vhTjlKSJUTWNtcbQtrMBFCxy7eXTzeCAzfL5fBZT/Qs=
github.com/jinzhu/inflection v1.0.0 h1:K317FqzuhWc8YvSVlFMCCUb36O/S9MCKRDI7QkRKD/E=
github.com/jinzhu/inflection v1.0.0/go.mod h1:h+uFLlag+Qp1Va5pdKtLDYj+kHp5pxUVkryuEj+Srlc=
github.com/jinzhu/now v1.0.1 h1:HjfetcXq097iXP0uoPCdnM4Efp5/9MsM0/M+XOTeR3M=
github.com/jinzhu/now v1.0.1/go.mod h1:d3SSVoowX0Lcu0IBviAWJpolVfI5UJVZZ7cO71lE/z8=
github.com/jmoiron/sqlx v1.2.1-0.20191203222853-2ba0fc60eb4a/go.mod h1:1FEQNm3xlJgrMD+FBdI9+xvCksHtbpVBBw5dYhBSsks=
github.com/jtolds/gls v4.20.0+incompatible h1:xdiiI2gbIgH/gLH7ADydsJ1uDOEzR8yvV7C0MuV77Wo=
github.com/jtolds/gls v4.20.0+incompatible/go.mod h1:QJZ7F/aHp+rZTRtaJ1ow/lLfFfVYBRgL+9YlvaHOwJU=
github.com/lib/pq v1.0.0/go.mod h1:5WUZQaWbwv1U+lTReE5YruASi9Al49XbQIvNi/34Woo=
github.com/lib/pq v1.1.1/go.mod h1:5WUZQaWbwv1U+lTReE5YruASi9Al49XbQIvNi/34Woo=
github.com/lib/pq v1.3.0 h1:/qkRGz8zljWiDcFvgpwUpwIAPu3r07TDvs3Rws+o/pU=
github.com/lib/pq v1.3.0/go.mod h1:5WUZQaWbwv1U+lTReE5YruASi9Al49XbQIvNi/34Woo=
github.com/mattn/go-sqlite3 v1.9.0/go.mod h1:FPy6KqzDD04eiIsT53CuJW3U88zkxoIYsOqkbpncsNc=
github.com/mattn/go-sqlite3 v2.0.1+incompatible h1:xQ15muvnzGBHpIpdrNi1DA5x0+TcBZzsIDwmw9uTHzw=
github.com/mattn/go-sqlite3 v2.0.1+incompatible/go.mod h1:FPy6KqzDD04eiIsT53CuJW3U88zkxoIYsOqkbpncsNc=
github.com/smartystreets/assertions v0.0.0-20180927180507-b2de0cb4f26d h1:zE9ykElWQ6/NYmHa3jpm/yHnI4xSofP+UP6SpjHcSeM=
github.com/smartystreets/assertions v0.0.0-20180927180507-b2de0cb4f26d/go.mod h1:OnSkiWE9lh6wB0YB77sQom3nweQdgAjqCqsofrRNTgc=
github.com/smartystreets/goconvey v1.6.4 h1:fv0U8FUIMPNf1L9lnHLvLhgicrIVChEkdzIKYqbNC9s=
github.com/smartystreets/goconvey v1.6.4/go.mod h1:syvi0/a8iFYH4r/RixwvyeAJjdLS9QV7WQ/tjFTllLA=
github.com/urfave/negroni v1.0.0 h1:kIimOitoypq34K7TG7DUaJ9kq/N4Ofuwi1sjz0KipXc=
github.com/urfave/negroni v1.0.0/go.mod h1:Meg73S6kFm/4PpbYdq35yYWoCZ9mS/YSx+lKnmiohz4=
golang.org/x/crypto v0.0.0-20190308221718-c2843e01d9a2 h1:VklqNMn3ovrHsnt90PveolxSbWFaJdECFbxSq0Mqo2M=
golang.org/x/crypto v0.0.0-20190308221718-c2843e01d9a2/go.mod h1:djNgcEr1/C05ACkg1iLfiJU5Ep61QUkGW8qpdssI0+w=
golang.org/x/crypto v0.0.0-20190325154230-a5d413f7728c/go.mod h1:djNgcEr1/C05ACkg1iLfiJU5Ep61QUkGW8qpdssI0+w=
golang.org/x/crypto v0.0.0-20191205180655-e7c4368fe9dd/go.mod h1:LzIPMQfyMNhhGPhUkYOs5KpL4U8rLKemX1yGLhDgUto=
golang.org/x/crypto v0.0.0-20200221231518-2aa609cf4a9d h1:1ZiEyfaQIg3Qh0EoqpwAakHVhecoE5wlSg5GjnafJGw=
golang.org/x/crypto v0.0.0-20200221231518-2aa609cf4a9d/go.mod h1:LzIPMQfyMNhhGPhUkYOs5KpL4U8rLKemX1yGLhDgUto=
golang.org/x/net v0.0.0-20180218175443-cbe0f9307d01/go.mod h1:mL1N/T3taQHkDXs73rZJwtUhF3w3ftmwwsq0BUmARs4=
golang.org/x/net v0.0.0-20180724234803-3673e40ba225/go.mod h1:mL1N/T3taQHkDXs73rZJwtUhF3w3ftmwwsq0BUmARs4=
golang.org/x/net v0.0.0-20190311183353-d8887717615a/go.mod h1:t9HGtf8HONx5eT2rtn7q6eTqICYqUVnKs3thJo3Qplg=
golang.org/x/net v0.0.0-20190404232315-eb5bcb51f2a3 h1:0GoQqolDA55aaLxZyTzK/Y2ePZzZTUrRacwib7cNsYQ=
golang.org/x/net v0.0.0-20190404232315-eb5bcb51f2a3/go.mod h1:t9HGtf8HONx5eT2rtn7q6eTqICYqUVnKs3thJo3Qplg=
golang.org/x/net v0.0.0-20200202094626-16171245cfb2 h1:CCH4IOTTfewWjGOlSp+zGcjutRKlBEZQ6wTn8ozI/nI=
golang.org/x/net v0.0.0-20200202094626-16171245cfb2/go.mod h1:z5CRVTTTmAJ677TzLLGU+0bjPO0LkuOLi4/5GtJWs/s=
golang.org/x/sync v0.0.0-20190911185100-cd5d95a43a6e h1:vcxGaoTs7kV8m5Np9uUNQin4BrLOthgV7252N8V+FwY=
golang.org/x/sync v0.0.0-20190911185100-cd5d95a43a6e/go.mod h1:RxMgew5VJxzue5/jJTE5uejpjVlOe/izrB70Jof72aM=
golang.org/x/sys v0.0.0-20190215142949-d0b11bdaac8a/go.mod h1:STP8DvDyc/dI5b8T5hshtkjS+E42TnysNCUPdjciGhY=
golang.org/x/sys v0.0.0-20190412213103-97732733099d/go.mod h1:h1NjWce9XRLGQEsW7wpKNCjG9DtNlClVuFLEZdDNbEs=
golang.org/x/text v0.3.0 h1:g61tztE5qeGQ89tm6NTjjM9VPIm088od1l6aSorWRWg=
golang.org/x/text v0.3.0/go.mod h1:NqM8EUOU14njkJ3fqMW+pc6Ldnwhi/IjpwHt7yyuwOQ=
golang.org/x/text v0.3.2 h1:tW2bmiBqwgJj/UpqtC8EpXEZVYOwU0yG4iWbprSVAcs=
golang.org/x/text v0.3.2/go.mod h1:bEr9sfX3Q8Zfm5fL9x+3itogRgK3+ptLWKqgva+5dAk=
golang.org/x/time v0.0.0-20191024005414-555d28b269f0 h1:/5xXl8Y5W96D+TtHSlonuFqGHIWVuyCkGJLwGh9JJFs=
golang.org/x/time v0.0.0-20191024005414-555d28b269f0/go.mod h1:tRJNPiyCQ0inRvYxbN9jk5I+vvW/OXSQhTDSoE431IQ=
golang.org/x/tools v0.0.0-20180917221912-90fa682c2a6e/go.mod h1:n7NCudcB/nEzxVGmLbDWY5pfWTLqBcC2KZ6jyYvM4mQ=
golang.org/x/tools v0.0.0-20190328211700-ab21143f2384/go.mod h1:LCzVGOaR6xXOjkQ3onu1FJEFr0SW1gC7cKk1uF8kGRs=
google.golang.org/appengine v1.4.0 h1:/wp5JvzpHIxhs/dumFmF7BXTf3Z+dd4uXta4kVyO508=
google.golang.org/appengine v1.4.0/go.mod h1:xpcJRLb0r/rnEns0DIKYYv+WjYCduHsrkT7/EB5XEv4=
