github.com/PuerkitoBio/goquery v1.5.1 h1:PSPBGne8NIUWw+/7vFBV+kG2J/5MOjbzc7154OaKCSE=
github.com/PuerkitoBio/goquery v1.5.1/go.mod h1:GsLWisAFVj4WgDibEWF4pvYnkVQBpKBKeU+7zCJoLcc=
github.com/andybalholm/cascadia v1.1.0 h1:BuuO6sSfQNFRu1LppgbD25Hr2vLYW25JvxHs5zzsLTo=
github.com/andybalholm/cascadia v1.1.0/go.mod h1:GsXiBklL0woXo1j/WYWtSYYC4ouU9PqHO0sqidkEA4Y=
github.com/auth0/go-jwt-middleware v0.0.0-20190805220309-36081240882b h1:CvoEHGmxWl5kONC5icxwqV899dkf4VjOScbxLpllEnw=
github.com/auth0/go-jwt-middleware v0.0.0-20190805220309-36081240882b/go.mod h1:LWMyo4iOLWXHGdBki7NIht1kHru/0wM179h+d3g8ATM=
github.com/chris-sg/bst_server_models v0.0.0-20200318062057-b30ab049108f h1:tQ+qDUpHU7Qt1UbLdNlnoFNHHzwoVvzh1U/jqapi5gA=
github.com/chris-sg/bst_server_models v0.0.0-20200318062057-b30ab049108f/go.mod h1:QAm0zB8hwap1niFFJWwSf7AJz/0Bh1q5RCDvTXP/p4o=
github.com/chris-sg/bst_server_models v0.0.0-20200331080657-664e2512d918 h1:PD4ExHaR3OX1ngTcddVN4LIsAil0bRZ6Ut+12pWZIu0=
github.com/chris-sg/bst_server_models v0.0.0-20200331080657-664e2512d918/go.mod h1:QAm0zB8hwap1niFFJWwSf7AJz/0Bh1q5RCDvTXP/p4o=
github.com/chris-sg/bst_server_models v0.0.0-20200421142232-ea5488213431 h1:jUP6Wn0ZC8V+4I+Pa4u7dMUJWOYKdozLP7Ls0bbDu9E=
github.com/chris-sg/bst_server_models v0.0.0-20200421142232-ea5488213431/go.mod h1:QAm0zB8hwap1niFFJWwSf7AJz/0Bh1q5RCDvTXP/p4o=
github.com/chris-sg/eagate v0.0.0-20200329234309-98a8f53c8e1f h1:j2ARz0ro+xOVnJ+y4ZF9CpTJPUpLLe6dL1i9GjIpRpI=
github.com/chris-sg/eagate v0.0.0-20200329234309-98a8f53c8e1f/go.mod h1:sDfZ2aPQCCKIUxrGMjdYI06w9/U5xrgENJEnta7uSpg=
github.com/chris-sg/eagate v0.0.0-20200330054917-3608f8f3c371 h1:jZ3eEKXDfW3yIeAo+lKKhAFuE3uybS+lAYbf4DRt/g0=
github.com/chris-sg/eagate v0.0.0-20200330054917-3608f8f3c371/go.mod h1:sDfZ2aPQCCKIUxrGMjdYI06w9/U5xrgENJEnta7uSpg=
github.com/chris-sg/eagate v0.0.0-20200330061511-af4651f10f55 h1:kvG6k+KiL6j3SvhItvh7gefD+ViT2xpRxOtG8MLSvWE=
github.com/chris-sg/eagate v0.0.0-20200330061511-af4651f10f55/go.mod h1:sDfZ2aPQCCKIUxrGMjdYI06w9/U5xrgENJEnta7uSpg=
github.com/chris-sg/eagate v0.0.0-20200330223223-89f9d492f467 h1:IIDDgDOyNmj2BiBlRYrS4Go2VUq6wwE2Yt2rq54T/ow=
github.com/chris-sg/eagate v0.0.0-20200330223223-89f9d492f467/go.mod h1:sDfZ2aPQCCKIUxrGMjdYI06w9/U5xrgENJEnta7uSpg=
github.com/chris-sg/eagate v0.0.0-20200330225644-fd9f84b30be2 h1:vpY3LK76SqXKAFqjFNKlVTK3Vh7ob/IUPPQVFL+LlnY=
github.com/chris-sg/eagate v0.0.0-20200330225644-fd9f84b30be2/go.mod h1:sDfZ2aPQCCKIUxrGMjdYI06w9/U5xrgENJEnta7uSpg=
github.com/chris-sg/eagate v0.0.0-20200429070033-f2530c94e500 h1:EuFUOlqZDPxHoyGNvZyXwh9T8YurZDoL+buHGgb2bDE=
github.com/chris-sg/eagate v0.0.0-20200429070033-f2530c94e500/go.mod h1:xr/Ja9B+gIfzr5NBailHtwkPSLm7xm4nWVpG0V8fP20=
github.com/chris-sg/eagate v0.0.0-20200429070546-08bce0a08aa9 h1:TVSRmtYOZPJMN7nosps0HaOz/APRyToP55Wp5QG/Hzw=
github.com/chris-sg/eagate v0.0.0-20200429070546-08bce0a08aa9/go.mod h1:xr/Ja9B+gIfzr5NBailHtwkPSLm7xm4nWVpG0V8fP20=
github.com/chris-sg/eagate v0.0.0-20200429072536-aa0c0e675303 h1:PpXXNDukHlN5bQPQVlPOzw4TM8yMEKNU009mIYsIsGA=
github.com/chris-sg/eagate v0.0.0-20200429072536-aa0c0e675303/go.mod h1:jY0lf1dSPenGtYZc141Z6gjksBgGE2/nvDhGNiU3FjY=
github.com/chris-sg/eagate v0.0.0-20200429074642-f533b1964194 h1:YIAAtxRwloUyBiAFX24fjqbl3Pslv0FvhpHnLbBVEqQ=
github.com/chris-sg/eagate v0.0.0-20200429074642-f533b1964194/go.mod h1:WEPEBVQLDQ89EBdCzzii5eiXIIdweumHOMMsN1G7Cto=
github.com/chris-sg/eagate v0.0.0-20200429080157-02364013b922 h1:B37NIyOzSvNPx4zq33orTCWUknGCIfN0Qwcfj+XdoLE=
github.com/chris-sg/eagate v0.0.0-20200429080157-02364013b922/go.mod h1:gbcS3bP2g12umEF7U0u+sNoM+ZRAGSUG0ilyhlSUGqQ=
github.com/chris-sg/eagate v0.0.0-20200429080712-50bdc96c6a3c h1:A490Xj/IO3C/2slS2zEZhpDMSr19n7yhD1r9h7emUf8=
github.com/chris-sg/eagate v0.0.0-20200429080712-50bdc96c6a3c/go.mod h1:gbcS3bP2g12umEF7U0u+sNoM+ZRAGSUG0ilyhlSUGqQ=
github.com/chris-sg/eagate v0.0.0-20200429081805-518c746036c9 h1:dU3KFyTNTiTS2RROuF8VvN5BCddbEI4DkZVN0y06Bsc=
github.com/chris-sg/eagate v0.0.0-20200429081805-518c746036c9/go.mod h1:GL9R9QIb/1FhzDwW0iip3bXmTifC8JcbNyr/lkMWmVQ=
github.com/chris-sg/eagate v0.0.0-20200429135253-2b5729b55cc6 h1:16Ptl+biB9hcxDd0pcxP8MJNg7rC8Xhl09xHSxSBcU4=
github.com/chris-sg/eagate v0.0.0-20200429135253-2b5729b55cc6/go.mod h1:3aWq8/ydQFWRftcdt7F0iLoH/6FznuNWLmyYSMRhv2c=
github.com/chris-sg/eagate_db v0.0.0-20200329223904-3ad270e399a3 h1:wqYMSJwqWs0ZCoAlwCLA2CGZdIz5Gf7ezEqRBVMO9BE=
github.com/chris-sg/eagate_db v0.0.0-20200329223904-3ad270e399a3/go.mod h1:Cv2ktpQm66Xk1VCwu4Uhhg/dLPcEQTPkZyoDTYEqjfM=
github.com/chris-sg/eagate_db v0.0.0-20200331070400-6079c3dad7ff h1:q4RF2oLFOPBFPWOnxyBA0X5sp26Aaurpk6ncKPvuu+0=
github.com/chris-sg/eagate_db v0.0.0-20200331070400-6079c3dad7ff/go.mod h1:69H0Pr3vhKlLU2O4XZljzml18YzqRZQyad0TgJVjKYg=
github.com/chris-sg/eagate_db v0.0.0-20200331132747-0d53c953f033 h1:S0yrkuam3NC+b4f3Ouud0NgM5x4XTUBBv5DH+86CB/A=
github.com/chris-sg/eagate_db v0.0.0-20200331132747-0d53c953f033/go.mod h1:69H0Pr3vhKlLU2O4XZljzml18YzqRZQyad0TgJVjKYg=
github.com/chris-sg/eagate_db v0.0.0-20200331134333-f5fccf10608c h1:XEF7HARTjdL5gBus6Tn3csclcpJp0yzvwg1RhhYR5aY=
github.com/chris-sg/eagate_db v0.0.0-20200331134333-f5fccf10608c/go.mod h1:69H0Pr3vhKlLU2O4XZljzml18YzqRZQyad0TgJVjKYg=
github.com/chris-sg/eagate_db v0.0.0-20200331134554-3e6530f82cd5 h1:0HGKDc3hUVdNS43tUbmNh5FeRxeJNk1qvdutZG+mBdI=
github.com/chris-sg/eagate_db v0.0.0-20200331134554-3e6530f82cd5/go.mod h1:69H0Pr3vhKlLU2O4XZljzml18YzqRZQyad0TgJVjKYg=
github.com/chris-sg/eagate_db v0.0.0-20200331135001-ac55c9017d6e h1:Z6k4VlOiFJDDkxAY6zMoeMOE2UshqBnPbUllkzjnpSU=
github.com/chris-sg/eagate_db v0.0.0-20200331135001-ac55c9017d6e/go.mod h1:69H0Pr3vhKlLU2O4XZljzml18YzqRZQyad0TgJVjKYg=
github.com/chris-sg/eagate_db v0.0.0-20200331222259-057eeac3d267 h1:cwLwkv5ZG2C8fxUoq0IB6ptO7tU5+nq3mIlNDlWIVdY=
github.com/chris-sg/eagate_db v0.0.0-20200331222259-057eeac3d267/go.mod h1:69H0Pr3vhKlLU2O4XZljzml18YzqRZQyad0TgJVjKYg=
github.com/chris-sg/eagate_db v0.0.0-20200420013201-4d08d45669c6 h1:UBYkgfDdTJrHeRdQ2+fU6ty3C8nP/afn/WCNVx2FaXY=
github.com/chris-sg/eagate_db v0.0.0-20200420013201-4d08d45669c6/go.mod h1:69H0Pr3vhKlLU2O4XZljzml18YzqRZQyad0TgJVjKYg=
github.com/chris-sg/eagate_db v0.0.0-20200421145545-ad704412c8ce h1:dVPcIxps0zEEoOmkQxetAAABe1YoLV4sQDjhsgQ+pFA=
github.com/chris-sg/eagate_db v0.0.0-20200421145545-ad704412c8ce/go.mod h1:IFBHga2yNGINdwattr94Jf0/COqv7x2sPFdeI2SPnP4=
github.com/chris-sg/eagate_db v0.0.0-20200421150448-c3eeeb730bc3 h1:x793Br1FeNWV0MfFGsJF1NubXL+8g5dXGZZu6gFDuuA=
github.com/chris-sg/eagate_db v0.0.0-20200421150448-c3eeeb730bc3/go.mod h1:IFBHga2yNGINdwattr94Jf0/COqv7x2sPFdeI2SPnP4=
github.com/chris-sg/eagate_db v0.0.0-20200429094032-a25be2c88795 h1:VFscqmqf5DkLPnbZPrOcG0xWRpjAiAmlkz4E9+iuEkw=
github.com/chris-sg/eagate_db v0.0.0-20200429094032-a25be2c88795/go.mod h1:1zyZwl/VU2DhqexRYhmcymfDLjP675Qjr5X9qJWJcJk=
github.com/chris-sg/eagate_db v0.0.0-20200429095636-74d319e7257c h1:r1ahLhem8YgN6ow+hYQIEupZrLz5FSd2ATyEdTldLPU=
github.com/chris-sg/eagate_db v0.0.0-20200429095636-74d319e7257c/go.mod h1:1zyZwl/VU2DhqexRYhmcymfDLjP675Qjr5X9qJWJcJk=
github.com/chris-sg/eagate_db v0.0.0-20200429100108-6a3ad5fca1e0 h1:SqIIfmsm3TE2tUOL99sgjTQbhpSx9JUbC84ORqUqaD4=
github.com/chris-sg/eagate_db v0.0.0-20200429100108-6a3ad5fca1e0/go.mod h1:1zyZwl/VU2DhqexRYhmcymfDLjP675Qjr5X9qJWJcJk=
github.com/chris-sg/eagate_db v0.0.0-20200429101001-cd8d103f9dad h1:OIBb1vvBHewqiGBbd7H7xYXtm06/h5AD+Zl6tAapxv8=
github.com/chris-sg/eagate_db v0.0.0-20200429101001-cd8d103f9dad/go.mod h1:1zyZwl/VU2DhqexRYhmcymfDLjP675Qjr5X9qJWJcJk=
github.com/chris-sg/eagate_db v0.0.0-20200429102915-d84d75fb1b24 h1:olLtR8JoPkJwo0SrB6+etEosA2wd0cGHHewdZbrxdos=
github.com/chris-sg/eagate_db v0.0.0-20200429102915-d84d75fb1b24/go.mod h1:1zyZwl/VU2DhqexRYhmcymfDLjP675Qjr5X9qJWJcJk=
github.com/chris-sg/eagate_db v0.0.0-20200429104016-6f0d7b7accc6 h1:+v5r+PIH5ZRkV58xrcgMci4zsRa10spz7V2GRVOuPOo=
github.com/chris-sg/eagate_db v0.0.0-20200429104016-6f0d7b7accc6/go.mod h1:1zyZwl/VU2DhqexRYhmcymfDLjP675Qjr5X9qJWJcJk=
github.com/chris-sg/eagate_db v0.0.0-20200429104609-bdac85394a82 h1:VKdJbAXyiUB8+8ltYp5818Cgy9H/DV6Q3JxoXRcCUtU=
github.com/chris-sg/eagate_db v0.0.0-20200429104609-bdac85394a82/go.mod h1:1zyZwl/VU2DhqexRYhmcymfDLjP675Qjr5X9qJWJcJk=
github.com/chris-sg/eagate_db v0.0.0-20200429105324-bd34c554cf26 h1:aBOLsfzeh72l7yg4edoVIIRV4xmcD1tiC4k7rg4x1Ck=
github.com/chris-sg/eagate_db v0.0.0-20200429105324-bd34c554cf26/go.mod h1:1zyZwl/VU2DhqexRYhmcymfDLjP675Qjr5X9qJWJcJk=
github.com/chris-sg/eagate_db v0.0.0-20200429105652-1233772a8a4e h1:p3PCTa6P/WxqMsQGZmO60KmsdhprXl3nXYEPhuHe2o8=
github.com/chris-sg/eagate_db v0.0.0-20200429105652-1233772a8a4e/go.mod h1:1zyZwl/VU2DhqexRYhmcymfDLjP675Qjr5X9qJWJcJk=
github.com/chris-sg/eagate_db v0.0.0-20200429110511-0ce5de085fc6 h1:dWvRH4MD4QoBzY4zQlUoyI1DAqkVwK2d1qlzPpCYrPg=
github.com/chris-sg/eagate_db v0.0.0-20200429110511-0ce5de085fc6/go.mod h1:1zyZwl/VU2DhqexRYhmcymfDLjP675Qjr5X9qJWJcJk=
github.com/chris-sg/eagate_db v0.0.0-20200429134701-80680bc6c810 h1:QAVLJcNA0Q+Ghf0ffr6RqjPpQCkkzSxhE3pOoO6R8mI=
github.com/chris-sg/eagate_db v0.0.0-20200429134701-80680bc6c810/go.mod h1:eCLIHBbhrhcvx7coasx6xw4Qtv6nKLdQXJhN5vJSN4o=
github.com/chris-sg/eagate_db v0.0.0-20200501055613-9b5c34d17747 h1:X+djGyuH88bTyQlUNhp+D0IIdBlCn1c385pfgY9CLAs=
github.com/chris-sg/eagate_db v0.0.0-20200501055613-9b5c34d17747/go.mod h1:eCLIHBbhrhcvx7coasx6xw4Qtv6nKLdQXJhN5vJSN4o=
github.com/chris-sg/eagate_db v0.0.0-20200506043937-85f53a2ec5c8 h1:i81H+0KhBugfAdU5ew8+PBauE3a2KsYFGziD8hWdQdU=
github.com/chris-sg/eagate_db v0.0.0-20200506043937-85f53a2ec5c8/go.mod h1:eCLIHBbhrhcvx7coasx6xw4Qtv6nKLdQXJhN5vJSN4o=
github.com/chris-sg/eagate_db v0.0.0-20200506062302-d8fcc6f0aec6 h1:L+LcwbsauyrSYv7jaR4bxFMH8lzNT0LlWX3xB6YKdnE=
github.com/chris-sg/eagate_db v0.0.0-20200506062302-d8fcc6f0aec6/go.mod h1:eCLIHBbhrhcvx7coasx6xw4Qtv6nKLdQXJhN5vJSN4o=
github.com/chris-sg/eagate_db v0.0.0-20200506062941-f20238a08149 h1:fh9TgvaZRZUylnmq4IDzrwHXPyjo2JrLc+xJCC8wlkw=
github.com/chris-sg/eagate_db v0.0.0-20200506062941-f20238a08149/go.mod h1:eCLIHBbhrhcvx7coasx6xw4Qtv6nKLdQXJhN5vJSN4o=
github.com/chris-sg/eagate_db v0.0.0-20200506134047-5efff69a88c8 h1:12Gp+rtAIG6h46OXXO3uCsr7X8tvydfrIJrntPCJP4U=
github.com/chris-sg/eagate_db v0.0.0-20200506134047-5efff69a88c8/go.mod h1:eCLIHBbhrhcvx7coasx6xw4Qtv6nKLdQXJhN5vJSN4o=
github.com/chris-sg/eagate_db v0.0.0-20200506134200-7cc6a308fbe1 h1:PXZQxhj4YLJSk7OZ9kYBuguY3m0jFsKiwhdumVdc8dM=
github.com/chris-sg/eagate_db v0.0.0-20200506134200-7cc6a308fbe1/go.mod h1:eCLIHBbhrhcvx7coasx6xw4Qtv6nKLdQXJhN5vJSN4o=
github.com/chris-sg/eagate_db v0.0.0-20200507033240-705e540538b9 h1:by0i6qfU9aV7JWmJ3250unM+YmQEsgw+lUA7Uugu4Qo=
github.com/chris-sg/eagate_db v0.0.0-20200507033240-705e540538b9/go.mod h1:eCLIHBbhrhcvx7coasx6xw4Qtv6nKLdQXJhN5vJSN4o=
github.com/chris-sg/eagate_db v0.0.0-20200507034014-f75ab80ef57f h1:inC2DqCCKh+x7LVTS/jJFGjh8foKhEf5y+iNAByqKww=
github.com/chris-sg/eagate_db v0.0.0-20200507034014-f75ab80ef57f/go.mod h1:eCLIHBbhrhcvx7coasx6xw4Qtv6nKLdQXJhN5vJSN4o=
github.com/chris-sg/eagate_db v0.0.0-20200507034651-e9074b22a69f h1:sLUXmP9hQ1G5NGK88Aw2YS+OxuZzNSKTxFaf1zcexis=
github.com/chris-sg/eagate_db v0.0.0-20200507034651-e9074b22a69f/go.mod h1:eCLIHBbhrhcvx7coasx6xw4Qtv6nKLdQXJhN5vJSN4o=
github.com/chris-sg/eagate_db v0.0.0-20200507070035-bf3023d8aa06 h1:X0ZWBcqRFuNjCBmdhxbLoYKEFToU/rhnw82eoRzA7Vw=
github.com/chris-sg/eagate_db v0.0.0-20200507070035-bf3023d8aa06/go.mod h1:eCLIHBbhrhcvx7coasx6xw4Qtv6nKLdQXJhN5vJSN4o=
github.com/chris-sg/eagate_db v0.0.0-20200507072410-26d424712cb5 h1:c4XNB241PWpRsVMOkjoHIXMCOQqzUhe8h++YaHPNC3M=
github.com/chris-sg/eagate_db v0.0.0-20200507072410-26d424712cb5/go.mod h1:eCLIHBbhrhcvx7coasx6xw4Qtv6nKLdQXJhN5vJSN4o=
github.com/chris-sg/eagate_db v0.0.0-20200507073414-6417c4db727c h1:ocNY6i2bc80tZ7ZVD3En1i51EVKUcfYscEW451MAo4U=
github.com/chris-sg/eagate_db v0.0.0-20200507073414-6417c4db727c/go.mod h1:eCLIHBbhrhcvx7coasx6xw4Qtv6nKLdQXJhN5vJSN4o=
github.com/chris-sg/eagate_db v0.0.0-20200507074120-fea16b45840f h1:Xd5n6e8XsQObtZ0qAlnbhvezO16G8+FhHEwX/D1Jzb8=
github.com/chris-sg/eagate_db v0.0.0-20200507074120-fea16b45840f/go.mod h1:eCLIHBbhrhcvx7coasx6xw4Qtv6nKLdQXJhN5vJSN4o=
github.com/chris-sg/eagate_models v0.0.0-20200329054902-04df0781c4a3 h1:3Hxo5ORGiMzhrxLBcmSZy/j5EFcUwZ8qFbVXMFkm3HA=
github.com/chris-sg/eagate_models v0.0.0-20200329054902-04df0781c4a3/go.mod h1:4KbN1UqlmA6tSV7FETgmHHOiWs+WBU3xzf40xbosCjM=
github.com/chris-sg/eagate_models v0.0.0-20200331063313-abfe6c0c2570 h1:dPM7S8rNnavEWCYXf75RrGPAVce0d4fGsTtLbv+trQQ=
github.com/chris-sg/eagate_models v0.0.0-20200331063313-abfe6c0c2570/go.mod h1:4KbN1UqlmA6tSV7FETgmHHOiWs+WBU3xzf40xbosCjM=
github.com/chris-sg/eagate_models v0.0.0-20200429055856-81080543e574 h1:V2SBy26QGeIUktsOfcDnYbv13pk1lA6tc/pi0yFDjY8=
github.com/chris-sg/eagate_models v0.0.0-20200429055856-81080543e574/go.mod h1:4KbN1UqlmA6tSV7FETgmHHOiWs+WBU3xzf40xbosCjM=
github.com/chris-sg/eagate_models v0.0.0-20200429072331-8f31b1b09185 h1:ATb/JHaiVBt7Ig4Zb2ll82j8MM+0loonFMwxCn1hRNk=
github.com/chris-sg/eagate_models v0.0.0-20200429072331-8f31b1b09185/go.mod h1:4KbN1UqlmA6tSV7FETgmHHOiWs+WBU3xzf40xbosCjM=
github.com/chris-sg/eagate_models v0.0.0-20200429074537-e29f9d96720d h1:+jHHiJoA8dtaoSoO+a79/b1yfIWGTxOGHjTWpi8jojE=
github.com/chris-sg/eagate_models v0.0.0-20200429074537-e29f9d96720d/go.mod h1:4KbN1UqlmA6tSV7FETgmHHOiWs+WBU3xzf40xbosCjM=
github.com/chris-sg/eagate_models v0.0.0-20200429080130-96f640b0777e h1:ozvj6XBC/rmDYfsR1kotyJ5bKz3CJnPu3j5N4zR9wPs=
github.com/chris-sg/eagate_models v0.0.0-20200429080130-96f640b0777e/go.mod h1:4KbN1UqlmA6tSV7FETgmHHOiWs+WBU3xzf40xbosCjM=
github.com/chris-sg/eagate_models v0.0.0-20200429081710-a273d5333e4f h1:cBlLepYEHFVT8t/PCOvvA/GazrQC1PygBUjoTFj5VFM=
github.com/chris-sg/eagate_models v0.0.0-20200429081710-a273d5333e4f/go.mod h1:4KbN1UqlmA6tSV7FETgmHHOiWs+WBU3xzf40xbosCjM=
github.com/chris-sg/eagate_models v0.0.0-20200429085721-762005d86979 h1:uc71E2gCXtJHCDV8syVHdPgJP93RhAzSh+riTOSpYu8=
github.com/chris-sg/eagate_models v0.0.0-20200429085721-762005d86979/go.mod h1:4KbN1UqlmA6tSV7FETgmHHOiWs+WBU3xzf40xbosCjM=
github.com/chris-sg/eagate_models v0.0.0-20200429134546-a6a671a90f32 h1:lsHm8T2SLdPuC3zQKdmjI6mnuh1dVx5VX4VXqLb28UE=
github.com/chris-sg/eagate_models v0.0.0-20200429134546-a6a671a90f32/go.mod h1:4KbN1UqlmA6tSV7FETgmHHOiWs+WBU3xzf40xbosCjM=
github.com/denisenkom/go-mssqldb v0.0.0-20191124224453-732737034ffd h1:83Wprp6ROGeiHFAP8WJdI2RoxALQYgdllERc3N5N2DM=
github.com/denisenkom/go-mssqldb v0.0.0-20191124224453-732737034ffd/go.mod h1:xbL0rPBG9cCiLr28tMa8zpbdarY27NDyej4t/EjAShU=
github.com/dgrijalva/jwt-go v3.2.0+incompatible h1:7qlOGliEKZXTDg6OTjfoBKDXWrumCAMpl/TFQ4/5kLM=
github.com/dgrijalva/jwt-go v3.2.0+incompatible/go.mod h1:E3ru+11k8xSBh+hMPgOLZmtrrCbhqsmaPHjLKYnJCaQ=
github.com/erikstmartin/go-testdb v0.0.0-20160219214506-8d10e4a1bae5 h1:Yzb9+7DPaBjB8zlTR87/ElzFsnQfuHnVUVqpZZIcV5Y=
github.com/erikstmartin/go-testdb v0.0.0-20160219214506-8d10e4a1bae5/go.mod h1:a2zkGnVExMxdzMo3M0Hi/3sEU+cWnZpSni0O6/Yb/P0=
github.com/go-sql-driver/mysql v1.4.0/go.mod h1:zAC/RDZ24gD3HViQzih4MyKcchzm+sOG5ZlKdlhCg5w=
github.com/go-sql-driver/mysql v1.4.1 h1:g24URVg0OFbNUTx9qqY1IRZ9D9z3iPyi5zKhQZpNwpA=
github.com/go-sql-driver/mysql v1.4.1/go.mod h1:zAC/RDZ24gD3HViQzih4MyKcchzm+sOG5ZlKdlhCg5w=
github.com/golang-sql/civil v0.0.0-20190719163853-cb61b32ac6fe h1:lXe2qZdvpiX5WZkZR4hgp4KJVfY3nMkvmwbVkpv1rVY=
github.com/golang-sql/civil v0.0.0-20190719163853-cb61b32ac6fe/go.mod h1:8vg3r2VgvsThLBIFL93Qb5yWzgyZWhEmBwUJWevAkK0=
github.com/golang/glog v0.0.0-20160126235308-23def4e6c14b h1:VKtxabqXZkF25pY9ekfRL6a582T4P37/31XEstQ5p58=
github.com/golang/glog v0.0.0-20160126235308-23def4e6c14b/go.mod h1:SBH7ygxi8pfUlaOkMMuAQtPIUF8ecWP5IEl/CR7VP2Q=
github.com/golang/protobuf v1.2.0/go.mod h1:6lQm79b+lXiMfvg/cZm0SGofjICqVBUtrP5yJMmIC1U=
github.com/golang/protobuf v1.3.1/go.mod h1:6lQm79b+lXiMfvg/cZm0SGofjICqVBUtrP5yJMmIC1U=
github.com/gopherjs/gopherjs v0.0.0-20181017120253-0766667cb4d1 h1:EGx4pi6eqNxGaHF6qqu48+N2wcFQ5qg5FXgOdqsJ5d8=
github.com/gopherjs/gopherjs v0.0.0-20181017120253-0766667cb4d1/go.mod h1:wJfORRmW1u3UXTncJ5qlYoELFm8eSnnEO6hX4iZ3EWY=
github.com/gorilla/mux v1.7.4 h1:VuZ8uybHlWmqV03+zRzdwKL4tUnIp1MAQtp1mIFE1bc=
github.com/gorilla/mux v1.7.4/go.mod h1:DVbg23sWSpFRCP0SfiEN6jmj59UnW/n46BH5rLB71So=
github.com/jinzhu/gorm v1.9.12 h1:Drgk1clyWT9t9ERbzHza6Mj/8FY/CqMyVzOiHviMo6Q=
github.com/jinzhu/gorm v1.9.12/go.mod h1:vhTjlKSJUTWNtcbQtrMBFCxy7eXTzeCAzfL5fBZT/Qs=
github.com/jinzhu/inflection v1.0.0 h1:K317FqzuhWc8YvSVlFMCCUb36O/S9MCKRDI7QkRKD/E=
github.com/jinzhu/inflection v1.0.0/go.mod h1:h+uFLlag+Qp1Va5pdKtLDYj+kHp5pxUVkryuEj+Srlc=
github.com/jinzhu/now v1.0.1 h1:HjfetcXq097iXP0uoPCdnM4Efp5/9MsM0/M+XOTeR3M=
github.com/jinzhu/now v1.0.1/go.mod h1:d3SSVoowX0Lcu0IBviAWJpolVfI5UJVZZ7cO71lE/z8=
github.com/jmoiron/sqlx v1.2.1-0.20191203222853-2ba0fc60eb4a/go.mod h1:1FEQNm3xlJgrMD+FBdI9+xvCksHtbpVBBw5dYhBSsks=
github.com/jtolds/gls v4.20.0+incompatible h1:xdiiI2gbIgH/gLH7ADydsJ1uDOEzR8yvV7C0MuV77Wo=
github.com/jtolds/gls v4.20.0+incompatible/go.mod h1:QJZ7F/aHp+rZTRtaJ1ow/lLfFfVYBRgL+9YlvaHOwJU=
github.com/lib/pq v1.0.0/go.mod h1:5WUZQaWbwv1U+lTReE5YruASi9Al49XbQIvNi/34Woo=
github.com/lib/pq v1.1.1/go.mod h1:5WUZQaWbwv1U+lTReE5YruASi9Al49XbQIvNi/34Woo=
github.com/lib/pq v1.3.0 h1:/qkRGz8zljWiDcFvgpwUpwIAPu3r07TDvs3Rws+o/pU=
github.com/lib/pq v1.3.0/go.mod h1:5WUZQaWbwv1U+lTReE5YruASi9Al49XbQIvNi/34Woo=
github.com/mattn/go-sqlite3 v1.9.0/go.mod h1:FPy6KqzDD04eiIsT53CuJW3U88zkxoIYsOqkbpncsNc=
github.com/mattn/go-sqlite3 v2.0.1+incompatible h1:xQ15muvnzGBHpIpdrNi1DA5x0+TcBZzsIDwmw9uTHzw=
github.com/mattn/go-sqlite3 v2.0.1+incompatible/go.mod h1:FPy6KqzDD04eiIsT53CuJW3U88zkxoIYsOqkbpncsNc=
github.com/smartystreets/assertions v0.0.0-20180927180507-b2de0cb4f26d h1:zE9ykElWQ6/NYmHa3jpm/yHnI4xSofP+UP6SpjHcSeM=
github.com/smartystreets/assertions v0.0.0-20180927180507-b2de0cb4f26d/go.mod h1:OnSkiWE9lh6wB0YB77sQom3nweQdgAjqCqsofrRNTgc=
github.com/smartystreets/goconvey v1.6.4 h1:fv0U8FUIMPNf1L9lnHLvLhgicrIVChEkdzIKYqbNC9s=
github.com/smartystreets/goconvey v1.6.4/go.mod h1:syvi0/a8iFYH4r/RixwvyeAJjdLS9QV7WQ/tjFTllLA=
github.com/urfave/negroni v1.0.0 h1:kIimOitoypq34K7TG7DUaJ9kq/N4Ofuwi1sjz0KipXc=
github.com/urfave/negroni v1.0.0/go.mod h1:Meg73S6kFm/4PpbYdq35yYWoCZ9mS/YSx+lKnmiohz4=
golang.org/x/crypto v0.0.0-20190308221718-c2843e01d9a2 h1:VklqNMn3ovrHsnt90PveolxSbWFaJdECFbxSq0Mqo2M=
golang.org/x/crypto v0.0.0-20190308221718-c2843e01d9a2/go.mod h1:djNgcEr1/C05ACkg1iLfiJU5Ep61QUkGW8qpdssI0+w=
golang.org/x/crypto v0.0.0-20190325154230-a5d413f7728c/go.mod h1:djNgcEr1/C05ACkg1iLfiJU5Ep61QUkGW8qpdssI0+w=
golang.org/x/crypto v0.0.0-20190605123033-f99c8df09eb5/go.mod h1:yigFU9vqHzYiE8UmvKecakEJjdnWj3jj499lnFckfCI=
golang.org/x/crypto v0.0.0-20191205180655-e7c4368fe9dd/go.mod h1:LzIPMQfyMNhhGPhUkYOs5KpL4U8rLKemX1yGLhDgUto=
golang.org/x/crypto v0.0.0-20200302210943-78000ba7a073 h1:xMPOj6Pz6UipU1wXLkrtqpHbR0AVFnyPEQq/wRWz9lM=
golang.org/x/crypto v0.0.0-20200302210943-78000ba7a073/go.mod h1:LzIPMQfyMNhhGPhUkYOs5KpL4U8rLKemX1yGLhDgUto=
golang.org/x/net v0.0.0-20180218175443-cbe0f9307d01/go.mod h1:mL1N/T3taQHkDXs73rZJwtUhF3w3ftmwwsq0BUmARs4=
golang.org/x/net v0.0.0-20180724234803-3673e40ba225/go.mod h1:mL1N/T3taQHkDXs73rZJwtUhF3w3ftmwwsq0BUmARs4=
golang.org/x/net v0.0.0-20190311183353-d8887717615a/go.mod h1:t9HGtf8HONx5eT2rtn7q6eTqICYqUVnKs3thJo3Qplg=
golang.org/x/net v0.0.0-20190404232315-eb5bcb51f2a3 h1:0GoQqolDA55aaLxZyTzK/Y2ePZzZTUrRacwib7cNsYQ=
golang.org/x/net v0.0.0-20190404232315-eb5bcb51f2a3/go.mod h1:t9HGtf8HONx5eT2rtn7q6eTqICYqUVnKs3thJo3Qplg=
golang.org/x/net v0.0.0-20190603091049-60506f45cf65/go.mod h1:HSz+uSET+XFnRR8LxR5pz3Of3rY3CfYBVs4xY44aLks=
golang.org/x/net v0.0.0-20200202094626-16171245cfb2 h1:CCH4IOTTfewWjGOlSp+zGcjutRKlBEZQ6wTn8ozI/nI=
golang.org/x/net v0.0.0-20200202094626-16171245cfb2/go.mod h1:z5CRVTTTmAJ677TzLLGU+0bjPO0LkuOLi4/5GtJWs/s=
golang.org/x/sync v0.0.0-20190423024810-112230192c58/go.mod h1:RxMgew5VJxzue5/jJTE5uejpjVlOe/izrB70Jof72aM=
golang.org/x/sync v0.0.0-20190911185100-cd5d95a43a6e h1:vcxGaoTs7kV8m5Np9uUNQin4BrLOthgV7252N8V+FwY=
golang.org/x/sync v0.0.0-20190911185100-cd5d95a43a6e/go.mod h1:RxMgew5VJxzue5/jJTE5uejpjVlOe/izrB70Jof72aM=
golang.org/x/sys v0.0.0-20190215142949-d0b11bdaac8a/go.mod h1:STP8DvDyc/dI5b8T5hshtkjS+E42TnysNCUPdjciGhY=
golang.org/x/sys v0.0.0-20190412213103-97732733099d/go.mod h1:h1NjWce9XRLGQEsW7wpKNCjG9DtNlClVuFLEZdDNbEs=
golang.org/x/sys v0.0.0-20190606165138-5da285871e9c/go.mod h1:h1NjWce9XRLGQEsW7wpKNCjG9DtNlClVuFLEZdDNbEs=
golang.org/x/text v0.3.0 h1:g61tztE5qeGQ89tm6NTjjM9VPIm088od1l6aSorWRWg=
golang.org/x/text v0.3.0/go.mod h1:NqM8EUOU14njkJ3fqMW+pc6Ldnwhi/IjpwHt7yyuwOQ=
golang.org/x/text v0.3.2 h1:tW2bmiBqwgJj/UpqtC8EpXEZVYOwU0yG4iWbprSVAcs=
golang.org/x/text v0.3.2/go.mod h1:bEr9sfX3Q8Zfm5fL9x+3itogRgK3+ptLWKqgva+5dAk=
golang.org/x/time v0.0.0-20191024005414-555d28b269f0 h1:/5xXl8Y5W96D+TtHSlonuFqGHIWVuyCkGJLwGh9JJFs=
golang.org/x/time v0.0.0-20191024005414-555d28b269f0/go.mod h1:tRJNPiyCQ0inRvYxbN9jk5I+vvW/OXSQhTDSoE431IQ=
golang.org/x/tools v0.0.0-20180917221912-90fa682c2a6e/go.mod h1:n7NCudcB/nEzxVGmLbDWY5pfWTLqBcC2KZ6jyYvM4mQ=
golang.org/x/tools v0.0.0-20190328211700-ab21143f2384/go.mod h1:LCzVGOaR6xXOjkQ3onu1FJEFr0SW1gC7cKk1uF8kGRs=
golang.org/x/tools v0.0.0-20190606124116-d0a3d012864b/go.mod h1:/rFqwRUd4F7ZHNgwSSTFct+R/Kf4OFW1sUzUTQQTgfc=
google.golang.org/appengine v1.4.0 h1:/wp5JvzpHIxhs/dumFmF7BXTf3Z+dd4uXta4kVyO508=
google.golang.org/appengine v1.4.0/go.mod h1:xpcJRLb0r/rnEns0DIKYYv+WjYCduHsrkT7/EB5XEv4=
google.golang.org/appengine v1.6.1 h1:QzqyMA1tlu6CgqCDUtU9V+ZKhLFT2dkJuANu5QaxI3I=
google.golang.org/appengine v1.6.1/go.mod h1:i06prIuMbXzDqacNJfV5OdTW448YApPu5ww/cMBSeb0=
